
Microsoft Visual Studio Solution File, Format Version 12.00
# Visual Studio Version 16
VisualStudioVersion = 16.0.30330.147
MinimumVisualStudioVersion = 10.0.40219.1
Project("{FAE04EC0-301F-11D3-BF4B-00C04F79EFBC}") = "EmoployeeServer", "EmoployeeServer\EmoployeeServer.csproj", "{658F3E93-6E03-4713-956D-78412D083D64}"
EndProject
Global
	GlobalSection(SolutionConfigurationPlatforms) = preSolution
		Debug|Any CPU = Debug|Any CPU
		Release|Any CPU = Release|Any CPU
	EndGlobalSection
	GlobalSection(ProjectConfigurationPlatforms) = postSolution
		{658F3E93-6E03-4713-956D-78412D083D64}.Debug|Any CPU.ActiveCfg = Debug|Any CPU
		{658F3E93-6E03-4713-956D-78412D083D64}.Debug|Any CPU.Build.0 = Debug|Any CPU
		{658F3E93-6E03-4713-956D-78412D083D64}.Release|Any CPU.ActiveCfg = Release|Any CPU
		{658F3E93-6E03-4713-956D-78412D083D64}.Release|Any CPU.Build.0 = Release|Any CPU
	EndGlobalSection
	GlobalSection(SolutionProperties) = preSolution
		HideSolutionNode = FALSE
	EndGlobalSection
	GlobalSection(ExtensibilityGlobals) = postSolution
		SolutionGuid = {2C3C92ED-170E-4EC3-8C1D-AB5F5F8FB764}
	EndGlobalSection
EndGlobal
